
Microsoft Visual Studio Solution File, Format Version 12.00
# Visual Studio Version 17
VisualStudioVersion = 17.4.33205.214
MinimumVisualStudioVersion = 10.0.40219.1
Project("{888888A0-9F3D-457C-B088-3A5042F75D52}") = "logit", "logit.pyproj", "{633D5C47-2044-44E0-BE45-8E6EA8AD1F81}"
EndProject
Global
	GlobalSection(SolutionConfigurationPlatforms) = preSolution
		Debug|Any CPU = Debug|Any CPU
		Release|Any CPU = Release|Any CPU
	EndGlobalSection
	GlobalSection(ProjectConfigurationPlatforms) = postSolution
		{633D5C47-2044-44E0-BE45-8E6EA8AD1F81}.Debug|Any CPU.ActiveCfg = Debug|Any CPU
		{633D5C47-2044-44E0-BE45-8E6EA8AD1F81}.Release|Any CPU.ActiveCfg = Release|Any CPU
	EndGlobalSection
	GlobalSection(SolutionProperties) = preSolution
		HideSolutionNode = FALSE
	EndGlobalSection
	GlobalSection(ExtensibilityGlobals) = postSolution
		SolutionGuid = {0EEB00CA-9BA1-41F9-ACD9-6AED1D2E79EC}
	EndGlobalSection
EndGlobal
